
Microsoft Visual Studio Solution File, Format Version 12.00
# Visual Studio 15
VisualStudioVersion = 15.0.28307.757
MinimumVisualStudioVersion = 10.0.40219.1
Project("{FAE04EC0-301F-11D3-BF4B-00C04F79EFBC}") = "home05", "home05\home05.csproj", "{49AC7A30-B0B8-48A3-A841-020E2E820FBB}"
EndProject
Global
	GlobalSection(SolutionConfigurationPlatforms) = preSolution
		Debug|Any CPU = Debug|Any CPU
		Release|Any CPU = Release|Any CPU
	EndGlobalSection
	GlobalSection(ProjectConfigurationPlatforms) = postSolution
		{49AC7A30-B0B8-48A3-A841-020E2E820FBB}.Debug|Any CPU.ActiveCfg = Debug|Any CPU
		{49AC7A30-B0B8-48A3-A841-020E2E820FBB}.Debug|Any CPU.Build.0 = Debug|Any CPU
		{49AC7A30-B0B8-48A3-A841-020E2E820FBB}.Release|Any CPU.ActiveCfg = Release|Any CPU
		{49AC7A30-B0B8-48A3-A841-020E2E820FBB}.Release|Any CPU.Build.0 = Release|Any CPU
	EndGlobalSection
	GlobalSection(SolutionProperties) = preSolution
		HideSolutionNode = FALSE
	EndGlobalSection
	GlobalSection(ExtensibilityGlobals) = postSolution
		SolutionGuid = {09926A11-324D-47A3-8581-532397753A45}
	EndGlobalSection
EndGlobal
