
Microsoft Visual Studio Solution File, Format Version 12.00
# Visual Studio 15
VisualStudioVersion = 15.0.28307.757
MinimumVisualStudioVersion = 10.0.40219.1
Project("{FAE04EC0-301F-11D3-BF4B-00C04F79EFBC}") = "home03", "home03\home03.csproj", "{F3C5A969-1C4E-4605-B72F-AA8FCE06F4AD}"
EndProject
Global
	GlobalSection(SolutionConfigurationPlatforms) = preSolution
		Debug|Any CPU = Debug|Any CPU
		Release|Any CPU = Release|Any CPU
	EndGlobalSection
	GlobalSection(ProjectConfigurationPlatforms) = postSolution
		{F3C5A969-1C4E-4605-B72F-AA8FCE06F4AD}.Debug|Any CPU.ActiveCfg = Debug|Any CPU
		{F3C5A969-1C4E-4605-B72F-AA8FCE06F4AD}.Debug|Any CPU.Build.0 = Debug|Any CPU
		{F3C5A969-1C4E-4605-B72F-AA8FCE06F4AD}.Release|Any CPU.ActiveCfg = Release|Any CPU
		{F3C5A969-1C4E-4605-B72F-AA8FCE06F4AD}.Release|Any CPU.Build.0 = Release|Any CPU
	EndGlobalSection
	GlobalSection(SolutionProperties) = preSolution
		HideSolutionNode = FALSE
	EndGlobalSection
	GlobalSection(ExtensibilityGlobals) = postSolution
		SolutionGuid = {A750A3D9-D060-41BD-9C88-B3F748C52144}
	EndGlobalSection
EndGlobal
